
Microsoft Visual Studio Solution File, Format Version 12.00
# Visual Studio Version 17
VisualStudioVersion = 17.5.33516.290
MinimumVisualStudioVersion = 10.0.40219.1
Project("{FAE04EC0-301F-11D3-BF4B-00C04F79EFBC}") = "hafta3", "hafta3.csproj", "{A6F402BF-C5D7-4F6C-8022-6A2FC21E8651}"
EndProject
Global
	GlobalSection(SolutionConfigurationPlatforms) = preSolution
		Debug|Any CPU = Debug|Any CPU
		Release|Any CPU = Release|Any CPU
	EndGlobalSection
	GlobalSection(ProjectConfigurationPlatforms) = postSolution
		{A6F402BF-C5D7-4F6C-8022-6A2FC21E8651}.Debug|Any CPU.ActiveCfg = Debug|Any CPU
		{A6F402BF-C5D7-4F6C-8022-6A2FC21E8651}.Debug|Any CPU.Build.0 = Debug|Any CPU
		{A6F402BF-C5D7-4F6C-8022-6A2FC21E8651}.Release|Any CPU.ActiveCfg = Release|Any CPU
		{A6F402BF-C5D7-4F6C-8022-6A2FC21E8651}.Release|Any CPU.Build.0 = Release|Any CPU
	EndGlobalSection
	GlobalSection(SolutionProperties) = preSolution
		HideSolutionNode = FALSE
	EndGlobalSection
	GlobalSection(ExtensibilityGlobals) = postSolution
		SolutionGuid = {CC807600-B3B9-4EF0-BD47-53AEA5315526}
	EndGlobalSection
EndGlobal
